
Microsoft Visual Studio Solution File, Format Version 12.00
# Visual Studio 15
VisualStudioVersion = 15.0.28010.2046
MinimumVisualStudioVersion = 10.0.40219.1
Project("{F184B08F-C81C-45F6-A57F-5ABD9991F28F}") = "ConsoleApp61", "ConsoleApp61\ConsoleApp61.vbproj", "{D3375090-134A-4DF6-9023-1DF637A05355}"
EndProject
Global
	GlobalSection(SolutionConfigurationPlatforms) = preSolution
		Debug|Any CPU = Debug|Any CPU
		Release|Any CPU = Release|Any CPU
	EndGlobalSection
	GlobalSection(ProjectConfigurationPlatforms) = postSolution
		{D3375090-134A-4DF6-9023-1DF637A05355}.Debug|Any CPU.ActiveCfg = Debug|Any CPU
		{D3375090-134A-4DF6-9023-1DF637A05355}.Debug|Any CPU.Build.0 = Debug|Any CPU
		{D3375090-134A-4DF6-9023-1DF637A05355}.Release|Any CPU.ActiveCfg = Release|Any CPU
		{D3375090-134A-4DF6-9023-1DF637A05355}.Release|Any CPU.Build.0 = Release|Any CPU
	EndGlobalSection
	GlobalSection(SolutionProperties) = preSolution
		HideSolutionNode = FALSE
	EndGlobalSection
	GlobalSection(ExtensibilityGlobals) = postSolution
		SolutionGuid = {4BB5BE14-53D7-4D88-896B-75465157DCB1}
	EndGlobalSection
EndGlobal
